
Microsoft Visual Studio Solution File, Format Version 12.00
# Visual Studio Version 17
VisualStudioVersion = 17.14.36518.9
MinimumVisualStudioVersion = 10.0.40219.1
Project("{FAE04EC0-301F-11D3-BF4B-00C04F79EFBC}") = "FilaDinamica", "FilaDinamica\FilaDinamica.csproj", "{16470C15-B232-4A00-B6DE-B8A86A8ADCC4}"
EndProject
Project("{FAE04EC0-301F-11D3-BF4B-00C04F79EFBC}") = "SimulaçãoAtendimentoBanco", "SimulaçãoAtendimentoBanco\SimulaçãoAtendimentoBanco.csproj", "{74909EC2-23CD-40CB-BCEC-2F3168F82967}"
EndProject
Global
	GlobalSection(SolutionConfigurationPlatforms) = preSolution
		Debug|Any CPU = Debug|Any CPU
		Release|Any CPU = Release|Any CPU
	EndGlobalSection
	GlobalSection(ProjectConfigurationPlatforms) = postSolution
		{16470C15-B232-4A00-B6DE-B8A86A8ADCC4}.Debug|Any CPU.ActiveCfg = Debug|Any CPU
		{16470C15-B232-4A00-B6DE-B8A86A8ADCC4}.Debug|Any CPU.Build.0 = Debug|Any CPU
		{16470C15-B232-4A00-B6DE-B8A86A8ADCC4}.Release|Any CPU.ActiveCfg = Release|Any CPU
		{16470C15-B232-4A00-B6DE-B8A86A8ADCC4}.Release|Any CPU.Build.0 = Release|Any CPU
		{74909EC2-23CD-40CB-BCEC-2F3168F82967}.Debug|Any CPU.ActiveCfg = Debug|Any CPU
		{74909EC2-23CD-40CB-BCEC-2F3168F82967}.Debug|Any CPU.Build.0 = Debug|Any CPU
		{74909EC2-23CD-40CB-BCEC-2F3168F82967}.Release|Any CPU.ActiveCfg = Release|Any CPU
		{74909EC2-23CD-40CB-BCEC-2F3168F82967}.Release|Any CPU.Build.0 = Release|Any CPU
	EndGlobalSection
	GlobalSection(SolutionProperties) = preSolution
		HideSolutionNode = FALSE
	EndGlobalSection
	GlobalSection(ExtensibilityGlobals) = postSolution
		SolutionGuid = {744FDB55-FA39-443D-B289-736B7EC219CC}
	EndGlobalSection
EndGlobal
